
Microsoft Visual Studio Solution File, Format Version 12.00
# Visual Studio 2012
Project("{FAE04EC0-301F-11D3-BF4B-00C04F79EFBC}") = "GildedRose.Console", "src\GildedRose.Console\GildedRose.Console.csproj", "{0E4F0E44-F033-49DC-A052-B4FB6F2F4E9B}"
EndProject
Project("{FAE04EC0-301F-11D3-BF4B-00C04F79EFBC}") = "GildedRose.Tests", "src\GildedRose.Tests\GildedRose.Tests.csproj", "{6EBC4E6F-4BEF-49AD-914F-E4C8C877ABFB}"
EndProject
Global
	GlobalSection(SolutionConfigurationPlatforms) = preSolution
		Debug|Any CPU = Debug|Any CPU
		Release|Any CPU = Release|Any CPU
	EndGlobalSection
	GlobalSection(ProjectConfigurationPlatforms) = postSolution
		{0E4F0E44-F033-49DC-A052-B4FB6F2F4E9B}.Debug|Any CPU.ActiveCfg = Debug|Any CPU
		{0E4F0E44-F033-49DC-A052-B4FB6F2F4E9B}.Debug|Any CPU.Build.0 = Debug|Any CPU
		{0E4F0E44-F033-49DC-A052-B4FB6F2F4E9B}.Release|Any CPU.ActiveCfg = Release|Any CPU
		{0E4F0E44-F033-49DC-A052-B4FB6F2F4E9B}.Release|Any CPU.Build.0 = Release|Any CPU
		{6EBC4E6F-4BEF-49AD-914F-E4C8C877ABFB}.Debug|Any CPU.ActiveCfg = Debug|Any CPU
		{6EBC4E6F-4BEF-49AD-914F-E4C8C877ABFB}.Debug|Any CPU.Build.0 = Debug|Any CPU
		{6EBC4E6F-4BEF-49AD-914F-E4C8C877ABFB}.Release|Any CPU.ActiveCfg = Release|Any CPU
		{6EBC4E6F-4BEF-49AD-914F-E4C8C877ABFB}.Release|Any CPU.Build.0 = Release|Any CPU
	EndGlobalSection
	GlobalSection(SolutionProperties) = preSolution
		HideSolutionNode = FALSE
	EndGlobalSection
EndGlobal
